
Microsoft Visual Studio Solution File, Format Version 12.00
# Visual Studio Version 17
VisualStudioVersion = 17.11.35327.3
MinimumVisualStudioVersion = 10.0.40219.1
Project("{9A19103F-16F7-4668-BE54-9A1E7A4F7556}") = "CoinPr", "CoinPr\CoinPr.csproj", "{3D1B78FE-20F1-4A87-AFC3-C662D63CFA22}"
EndProject
Project("{9A19103F-16F7-4668-BE54-9A1E7A4F7556}") = "StockPr", "StockPr\StockPr.csproj", "{0E53A71F-4066-4966-B550-9BE2E36B0FDE}"
EndProject
Project("{9A19103F-16F7-4668-BE54-9A1E7A4F7556}") = "StockExtendPr", "StockExtendPr\StockExtendPr.csproj", "{E3D2F604-B8B3-4E2B-BC3E-5A011BB75D8B}"
EndProject
Project("{9A19103F-16F7-4668-BE54-9A1E7A4F7556}") = "TradePr", "TradePr\TradePr.csproj", "{1755D89E-330E-4A94-A135-396C85FDE091}"
EndProject
Project("{9A19103F-16F7-4668-BE54-9A1E7A4F7556}") = "TestPr", "TestPr\TestPr.csproj", "{E17FC338-1450-4234-9ECE-4D098C34B6FB}"
EndProject
Project("{FAE04EC0-301F-11D3-BF4B-00C04F79EFBC}") = "CoinUtilsPr", "CoinUtilsPr\CoinUtilsPr.csproj", "{45722841-C754-4FC1-9B31-9BE7E862D204}"
EndProject
Global
	GlobalSection(SolutionConfigurationPlatforms) = preSolution
		Debug|Any CPU = Debug|Any CPU
		Release|Any CPU = Release|Any CPU
	EndGlobalSection
	GlobalSection(ProjectConfigurationPlatforms) = postSolution
		{3D1B78FE-20F1-4A87-AFC3-C662D63CFA22}.Debug|Any CPU.ActiveCfg = Debug|Any CPU
		{3D1B78FE-20F1-4A87-AFC3-C662D63CFA22}.Debug|Any CPU.Build.0 = Debug|Any CPU
		{3D1B78FE-20F1-4A87-AFC3-C662D63CFA22}.Release|Any CPU.ActiveCfg = Release|Any CPU
		{3D1B78FE-20F1-4A87-AFC3-C662D63CFA22}.Release|Any CPU.Build.0 = Release|Any CPU
		{0E53A71F-4066-4966-B550-9BE2E36B0FDE}.Debug|Any CPU.ActiveCfg = Debug|Any CPU
		{0E53A71F-4066-4966-B550-9BE2E36B0FDE}.Debug|Any CPU.Build.0 = Debug|Any CPU
		{0E53A71F-4066-4966-B550-9BE2E36B0FDE}.Release|Any CPU.ActiveCfg = Release|Any CPU
		{0E53A71F-4066-4966-B550-9BE2E36B0FDE}.Release|Any CPU.Build.0 = Release|Any CPU
		{E3D2F604-B8B3-4E2B-BC3E-5A011BB75D8B}.Debug|Any CPU.ActiveCfg = Debug|Any CPU
		{E3D2F604-B8B3-4E2B-BC3E-5A011BB75D8B}.Debug|Any CPU.Build.0 = Debug|Any CPU
		{E3D2F604-B8B3-4E2B-BC3E-5A011BB75D8B}.Release|Any CPU.ActiveCfg = Release|Any CPU
		{E3D2F604-B8B3-4E2B-BC3E-5A011BB75D8B}.Release|Any CPU.Build.0 = Release|Any CPU
		{1755D89E-330E-4A94-A135-396C85FDE091}.Debug|Any CPU.ActiveCfg = Debug|Any CPU
		{1755D89E-330E-4A94-A135-396C85FDE091}.Debug|Any CPU.Build.0 = Debug|Any CPU
		{1755D89E-330E-4A94-A135-396C85FDE091}.Release|Any CPU.ActiveCfg = Release|Any CPU
		{1755D89E-330E-4A94-A135-396C85FDE091}.Release|Any CPU.Build.0 = Release|Any CPU
		{E17FC338-1450-4234-9ECE-4D098C34B6FB}.Debug|Any CPU.ActiveCfg = Debug|Any CPU
		{E17FC338-1450-4234-9ECE-4D098C34B6FB}.Debug|Any CPU.Build.0 = Debug|Any CPU
		{E17FC338-1450-4234-9ECE-4D098C34B6FB}.Release|Any CPU.ActiveCfg = Release|Any CPU
		{E17FC338-1450-4234-9ECE-4D098C34B6FB}.Release|Any CPU.Build.0 = Release|Any CPU
		{45722841-C754-4FC1-9B31-9BE7E862D204}.Debug|Any CPU.ActiveCfg = Debug|Any CPU
		{45722841-C754-4FC1-9B31-9BE7E862D204}.Debug|Any CPU.Build.0 = Debug|Any CPU
		{45722841-C754-4FC1-9B31-9BE7E862D204}.Release|Any CPU.ActiveCfg = Release|Any CPU
		{45722841-C754-4FC1-9B31-9BE7E862D204}.Release|Any CPU.Build.0 = Release|Any CPU
	EndGlobalSection
	GlobalSection(SolutionProperties) = preSolution
		HideSolutionNode = FALSE
	EndGlobalSection
	GlobalSection(ExtensibilityGlobals) = postSolution
		SolutionGuid = {09979D95-74B0-4554-8248-19F49F3D564A}
	EndGlobalSection
EndGlobal
