
Microsoft Visual Studio Solution File, Format Version 12.00
# Visual Studio Version 17
VisualStudioVersion = 17.11.35327.3
MinimumVisualStudioVersion = 10.0.40219.1
Project("{9A19103F-16F7-4668-BE54-9A1E7A4F7556}") = "Stock", "Stock\Stock.csproj", "{D831E5BC-858C-4AF7-9AFB-EBCFA80D8857}"
EndProject
Project("{9A19103F-16F7-4668-BE54-9A1E7A4F7556}") = "Coin", "Coin\Coin.csproj", "{A38DD9CD-EC90-4B71-94AA-8DB198DEBD78}"
EndProject
Global
	GlobalSection(SolutionConfigurationPlatforms) = preSolution
		Debug|Any CPU = Debug|Any CPU
		Release|Any CPU = Release|Any CPU
	EndGlobalSection
	GlobalSection(ProjectConfigurationPlatforms) = postSolution
		{D831E5BC-858C-4AF7-9AFB-EBCFA80D8857}.Debug|Any CPU.ActiveCfg = Debug|Any CPU
		{D831E5BC-858C-4AF7-9AFB-EBCFA80D8857}.Debug|Any CPU.Build.0 = Debug|Any CPU
		{D831E5BC-858C-4AF7-9AFB-EBCFA80D8857}.Release|Any CPU.ActiveCfg = Release|Any CPU
		{D831E5BC-858C-4AF7-9AFB-EBCFA80D8857}.Release|Any CPU.Build.0 = Release|Any CPU
		{A38DD9CD-EC90-4B71-94AA-8DB198DEBD78}.Debug|Any CPU.ActiveCfg = Debug|Any CPU
		{A38DD9CD-EC90-4B71-94AA-8DB198DEBD78}.Debug|Any CPU.Build.0 = Debug|Any CPU
		{A38DD9CD-EC90-4B71-94AA-8DB198DEBD78}.Release|Any CPU.ActiveCfg = Release|Any CPU
		{A38DD9CD-EC90-4B71-94AA-8DB198DEBD78}.Release|Any CPU.Build.0 = Release|Any CPU
	EndGlobalSection
	GlobalSection(SolutionProperties) = preSolution
		HideSolutionNode = FALSE
	EndGlobalSection
	GlobalSection(ExtensibilityGlobals) = postSolution
		SolutionGuid = {09979D95-74B0-4554-8248-19F49F3D564A}
	EndGlobalSection
EndGlobal
